
Microsoft Visual Studio Solution File, Format Version 12.00
# Visual Studio Version 17
VisualStudioVersion = 17.9.34616.47
MinimumVisualStudioVersion = 10.0.40219.1
Project("{FAE04EC0-301F-11D3-BF4B-00C04F79EFBC}") = "Problem1", "Problem1\Problem1.csproj", "{66511E1C-9B9B-47FA-B53B-FD8EA5E6EC26}"
EndProject
Project("{FAE04EC0-301F-11D3-BF4B-00C04F79EFBC}") = "Problem2", "Problem2\Problem2.csproj", "{220B8251-9ED2-4F16-ADEE-8C1C3E446505}"
EndProject
Global
	GlobalSection(SolutionConfigurationPlatforms) = preSolution
		Debug|Any CPU = Debug|Any CPU
		Release|Any CPU = Release|Any CPU
	EndGlobalSection
	GlobalSection(ProjectConfigurationPlatforms) = postSolution
		{66511E1C-9B9B-47FA-B53B-FD8EA5E6EC26}.Debug|Any CPU.ActiveCfg = Debug|Any CPU
		{66511E1C-9B9B-47FA-B53B-FD8EA5E6EC26}.Debug|Any CPU.Build.0 = Debug|Any CPU
		{66511E1C-9B9B-47FA-B53B-FD8EA5E6EC26}.Release|Any CPU.ActiveCfg = Release|Any CPU
		{66511E1C-9B9B-47FA-B53B-FD8EA5E6EC26}.Release|Any CPU.Build.0 = Release|Any CPU
		{220B8251-9ED2-4F16-ADEE-8C1C3E446505}.Debug|Any CPU.ActiveCfg = Debug|Any CPU
		{220B8251-9ED2-4F16-ADEE-8C1C3E446505}.Debug|Any CPU.Build.0 = Debug|Any CPU
		{220B8251-9ED2-4F16-ADEE-8C1C3E446505}.Release|Any CPU.ActiveCfg = Release|Any CPU
		{220B8251-9ED2-4F16-ADEE-8C1C3E446505}.Release|Any CPU.Build.0 = Release|Any CPU
	EndGlobalSection
	GlobalSection(SolutionProperties) = preSolution
		HideSolutionNode = FALSE
	EndGlobalSection
	GlobalSection(ExtensibilityGlobals) = postSolution
		SolutionGuid = {CBB05CD2-7415-4FF9-86D2-A780FAB5C39E}
	EndGlobalSection
EndGlobal
